// !$*UTF8*$!
{
	archiveVersion = 1;
	classes = {
	};
	objectVersion = 46;
	objects = {

/* Begin PBXBuildFile section */
		F8A70DEC19084DC400BA6D50 /* Foundation.framework in Frameworks */ = {isa = PBXBuildFile; fileRef = F8A70DEB19084DC400BA6D50 /* Foundation.framework */; };
		F8A70DEE19084DC400BA6D50 /* CoreGraphics.framework in Frameworks */ = {isa = PBXBuildFile; fileRef = F8A70DED19084DC400BA6D50 /* CoreGraphics.framework */; };
		F8A70DF019084DC400BA6D50 /* UIKit.framework in Frameworks */ = {isa = PBXBuildFile; fileRef = F8A70DEF19084DC400BA6D50 /* UIKit.framework */; };
		F8A70DF619084DC400BA6D50 /* InfoPlist.strings in Resources */ = {isa = PBXBuildFile; fileRef = F8A70DF419084DC400BA6D50 /* InfoPlist.strings */; };
		F8A70DF819084DC500BA6D50 /* main.m in Sources */ = {isa = PBXBuildFile; fileRef = F8A70DF719084DC500BA6D50 /* main.m */; };
		F8A70DFC19084DC500BA6D50 /* YCHAppDelegate.m in Sources */ = {isa = PBXBuildFile; fileRef = F8A70DFB19084DC500BA6D50 /* YCHAppDelegate.m */; };
		F8A70DFF19084DC500BA6D50 /* Main_iPhone.storyboard in Resources */ = {isa = PBXBuildFile; fileRef = F8A70DFD19084DC500BA6D50 /* Main_iPhone.storyboard */; };
		F8A70E0519084DC500BA6D50 /* YCHViewController.m in Sources */ = {isa = PBXBuildFile; fileRef = F8A70E0419084DC500BA6D50 /* YCHViewController.m */; };
		F8A70E0719084DC500BA6D50 /* Images.xcassets in Resources */ = {isa = PBXBuildFile; fileRef = F8A70E0619084DC500BA6D50 /* Images.xcassets */; };
		F8A70E0E19084DC500BA6D50 /* XCTest.framework in Frameworks */ = {isa = PBXBuildFile; fileRef = F8A70E0D19084DC500BA6D50 /* XCTest.framework */; };
		F8A70E0F19084DC500BA6D50 /* Foundation.framework in Frameworks */ = {isa = PBXBuildFile; fileRef = F8A70DEB19084DC400BA6D50 /* Foundation.framework */; };
		F8A70E1019084DC500BA6D50 /* UIKit.framework in Frameworks */ = {isa = PBXBuildFile; fileRef = F8A70DEF19084DC400BA6D50 /* UIKit.framework */; };
		F8A70E1819084DC500BA6D50 /* InfoPlist.strings in Resources */ = {isa = PBXBuildFile; fileRef = F8A70E1619084DC500BA6D50 /* InfoPlist.strings */; };
		F8A70E1A19084DC500BA6D50 /* YCHActionSheetExamplesTests.m in Sources */ = {isa = PBXBuildFile; fileRef = F8A70E1919084DC500BA6D50 /* YCHActionSheetExamplesTests.m */; };
		F8DA840D192BBCB100FB4CC8 /* YCHActionSheet.m in Sources */ = {isa = PBXBuildFile; fileRef = F8DA840C192BBCB100FB4CC8 /* YCHActionSheet.m */; };
/* End PBXBuildFile section */

/* Begin PBXContainerItemProxy section */
		F8A70E1119084DC500BA6D50 /* PBXContainerItemProxy */ = {
			isa = PBXContainerItemProxy;
			containerPortal = F8A70DE019084DC400BA6D50 /* Project object */;
			proxyType = 1;
			remoteGlobalIDString = F8A70DE719084DC400BA6D50;
			remoteInfo = YCHActionSheetExamples;
		};
/* End PBXContainerItemProxy section */

/* Begin PBXFileReference section */
		F8A70DE819084DC400BA6D50 /* YCHActionSheetExamples.app */ = {isa = PBXFileReference; explicitFileType = wrapper.application; includeInIndex = 0; path = YCHActionSheetExamples.app; sourceTree = BUILT_PRODUCTS_DIR; };
		F8A70DEB19084DC400BA6D50 /* Foundation.framework */ = {isa = PBXFileReference; lastKnownFileType = wrapper.framework; name = Foundation.framework; path = System/Library/Frameworks/Foundation.framework; sourceTree = SDKROOT; };
		F8A70DED19084DC400BA6D50 /* CoreGraphics.framework */ = {isa = PBXFileReference; lastKnownFileType = wrapper.framework; name = CoreGraphics.framework; path = System/Library/Frameworks/CoreGraphics.framework; sourceTree = SDKROOT; };
		F8A70DEF19084DC400BA6D50 /* UIKit.framework */ = {isa = PBXFileReference; lastKnownFileType = wrapper.framework; name = UIKit.framework; path = System/Library/Frameworks/UIKit.framework; sourceTree = SDKROOT; };
		F8A70DF319084DC400BA6D50 /* YCHActionSheetExamples-Info.plist */ = {isa = PBXFileReference; lastKnownFileType = text.plist.xml; path = "YCHActionSheetExamples-Info.plist"; sourceTree = "<group>"; };
		F8A70DF519084DC400BA6D50 /* en */ = {isa = PBXFileReference; lastKnownFileType = text.plist.strings; name = en; path = en.lproj/InfoPlist.strings; sourceTree = "<group>"; };
		F8A70DF719084DC500BA6D50 /* main.m */ = {isa = PBXFileReference; lastKnownFileType = sourcecode.c.objc; path = main.m; sourceTree = "<group>"; };
		F8A70DF919084DC500BA6D50 /* YCHActionSheetExamples-Prefix.pch */ = {isa = PBXFileReference; lastKnownFileType = sourcecode.c.h; path = "YCHActionSheetExamples-Prefix.pch"; sourceTree = "<group>"; };
		F8A70DFA19084DC500BA6D50 /* YCHAppDelegate.h */ = {isa = PBXFileReference; lastKnownFileType = sourcecode.c.h; path = YCHAppDelegate.h; sourceTree = "<group>"; };
		F8A70DFB19084DC500BA6D50 /* YCHAppDelegate.m */ = {isa = PBXFileReference; lastKnownFileType = sourcecode.c.objc; path = YCHAppDelegate.m; sourceTree = "<group>"; };
		F8A70DFE19084DC500BA6D50 /* Base */ = {isa = PBXFileReference; lastKnownFileType = file.storyboard; name = Base; path = Base.lproj/Main_iPhone.storyboard; sourceTree = "<group>"; };
		F8A70E0319084DC500BA6D50 /* YCHViewController.h */ = {isa = PBXFileReference; lastKnownFileType = sourcecode.c.h; path = YCHViewController.h; sourceTree = "<group>"; };
		F8A70E0419084DC500BA6D50 /* YCHViewController.m */ = {isa = PBXFileReference; lastKnownFileType = sourcecode.c.objc; path = YCHViewController.m; sourceTree = "<group>"; };
		F8A70E0619084DC500BA6D50 /* Images.xcassets */ = {isa = PBXFileReference; lastKnownFileType = folder.assetcatalog; path = Images.xcassets; sourceTree = "<group>"; };
		F8A70E0C19084DC500BA6D50 /* YCHActionSheetExamplesTests.xctest */ = {isa = PBXFileReference; explicitFileType = wrapper.cfbundle; includeInIndex = 0; path = YCHActionSheetExamplesTests.xctest; sourceTree = BUILT_PRODUCTS_DIR; };
		F8A70E0D19084DC500BA6D50 /* XCTest.framework */ = {isa = PBXFileReference; lastKnownFileType = wrapper.framework; name = XCTest.framework; path = Library/Frameworks/XCTest.framework; sourceTree = DEVELOPER_DIR; };
		F8A70E1519084DC500BA6D50 /* YCHActionSheetExamplesTests-Info.plist */ = {isa = PBXFileReference; lastKnownFileType = text.plist.xml; path = "YCHActionSheetExamplesTests-Info.plist"; sourceTree = "<group>"; };
		F8A70E1719084DC500BA6D50 /* en */ = {isa = PBXFileReference; lastKnownFileType = text.plist.strings; name = en; path = en.lproj/InfoPlist.strings; sourceTree = "<group>"; };
		F8A70E1919084DC500BA6D50 /* YCHActionSheetExamplesTests.m */ = {isa = PBXFileReference; lastKnownFileType = sourcecode.c.objc; path = YCHActionSheetExamplesTests.m; sourceTree = "<group>"; };
		F8DA840B192BBCB100FB4CC8 /* YCHActionSheet.h */ = {isa = PBXFileReference; fileEncoding = 4; lastKnownFileType = sourcecode.c.h; path = YCHActionSheet.h; sourceTree = "<group>"; };
		F8DA840C192BBCB100FB4CC8 /* YCHActionSheet.m */ = {isa = PBXFileReference; fileEncoding = 4; lastKnownFileType = sourcecode.c.objc; path = YCHActionSheet.m; sourceTree = "<group>"; };
/* End PBXFileReference section */

/* Begin PBXFrameworksBuildPhase section */
		F8A70DE519084DC400BA6D50 /* Frameworks */ = {
			isa = PBXFrameworksBuildPhase;
			buildActionMask = 2147483647;
			files = (
				F8A70DEE19084DC400BA6D50 /* CoreGraphics.framework in Frameworks */,
				F8A70DF019084DC400BA6D50 /* UIKit.framework in Frameworks */,
				F8A70DEC19084DC400BA6D50 /* Foundation.framework in Frameworks */,
			);
			runOnlyForDeploymentPostprocessing = 0;
		};
		F8A70E0919084DC500BA6D50 /* Frameworks */ = {
			isa = PBXFrameworksBuildPhase;
			buildActionMask = 2147483647;
			files = (
				F8A70E0E19084DC500BA6D50 /* XCTest.framework in Frameworks */,
				F8A70E1019084DC500BA6D50 /* UIKit.framework in Frameworks */,
				F8A70E0F19084DC500BA6D50 /* Foundation.framework in Frameworks */,
			);
			runOnlyForDeploymentPostprocessing = 0;
		};
/* End PBXFrameworksBuildPhase section */

/* Begin PBXGroup section */
		F8A70DDF19084DC400BA6D50 = {
			isa = PBXGroup;
			children = (
				F8DA840A192BBCB100FB4CC8 /* YCHActionSheet */,
				F8A70DF119084DC400BA6D50 /* YCHActionSheetExamples */,
				F8A70E1319084DC500BA6D50 /* YCHActionSheetExamplesTests */,
				F8A70DEA19084DC400BA6D50 /* Frameworks */,
				F8A70DE919084DC400BA6D50 /* Products */,
			);
			sourceTree = "<group>";
		};
		F8A70DE919084DC400BA6D50 /* Products */ = {
			isa = PBXGroup;
			children = (
				F8A70DE819084DC400BA6D50 /* YCHActionSheetExamples.app */,
				F8A70E0C19084DC500BA6D50 /* YCHActionSheetExamplesTests.xctest */,
			);
			name = Products;
			sourceTree = "<group>";
		};
		F8A70DEA19084DC400BA6D50 /* Frameworks */ = {
			isa = PBXGroup;
			children = (
				F8A70DEB19084DC400BA6D50 /* Foundation.framework */,
				F8A70DED19084DC400BA6D50 /* CoreGraphics.framework */,
				F8A70DEF19084DC400BA6D50 /* UIKit.framework */,
				F8A70E0D19084DC500BA6D50 /* XCTest.framework */,
			);
			name = Frameworks;
			sourceTree = "<group>";
		};
		F8A70DF119084DC400BA6D50 /* YCHActionSheetExamples */ = {
			isa = PBXGroup;
			children = (
				F8A70DFA19084DC500BA6D50 /* YCHAppDelegate.h */,
				F8A70DFB19084DC500BA6D50 /* YCHAppDelegate.m */,
				F8A70DFD19084DC500BA6D50 /* Main_iPhone.storyboard */,
				F8A70E0319084DC500BA6D50 /* YCHViewController.h */,
				F8A70E0419084DC500BA6D50 /* YCHViewController.m */,
				F8A70E0619084DC500BA6D50 /* Images.xcassets */,
				F8A70DF219084DC400BA6D50 /* Supporting Files */,
			);
			path = YCHActionSheetExamples;
			sourceTree = "<group>";
		};
		F8A70DF219084DC400BA6D50 /* Supporting Files */ = {
			isa = PBXGroup;
			children = (
				F8A70DF319084DC400BA6D50 /* YCHActionSheetExamples-Info.plist */,
				F8A70DF419084DC400BA6D50 /* InfoPlist.strings */,
				F8A70DF719084DC500BA6D50 /* main.m */,
				F8A70DF919084DC500BA6D50 /* YCHActionSheetExamples-Prefix.pch */,
			);
			name = "Supporting Files";
			sourceTree = "<group>";
		};
		F8A70E1319084DC500BA6D50 /* YCHActionSheetExamplesTests */ = {
			isa = PBXGroup;
			children = (
				F8A70E1919084DC500BA6D50 /* YCHActionSheetExamplesTests.m */,
				F8A70E1419084DC500BA6D50 /* Supporting Files */,
			);
			path = YCHActionSheetExamplesTests;
			sourceTree = "<group>";
		};
		F8A70E1419084DC500BA6D50 /* Supporting Files */ = {
			isa = PBXGroup;
			children = (
				F8A70E1519084DC500BA6D50 /* YCHActionSheetExamplesTests-Info.plist */,
				F8A70E1619084DC500BA6D50 /* InfoPlist.strings */,
			);
			name = "Supporting Files";
			sourceTree = "<group>";
		};
		F8DA840A192BBCB100FB4CC8 /* YCHActionSheet */ = {
			isa = PBXGroup;
			children = (
				F8DA840B192BBCB100FB4CC8 /* YCHActionSheet.h */,
				F8DA840C192BBCB100FB4CC8 /* YCHActionSheet.m */,
			);
			name = YCHActionSheet;
			path = ../YCHActionSheet;
			sourceTree = "<group>";
		};
/* End PBXGroup section */

/* Begin PBXNativeTarget section */
		F8A70DE719084DC400BA6D50 /* YCHActionSheetExamples */ = {
			isa = PBXNativeTarget;
			buildConfigurationList = F8A70E1D19084DC500BA6D50 /* Build configuration list for PBXNativeTarget "YCHActionSheetExamples" */;
			buildPhases = (
				F8A70DE419084DC400BA6D50 /* Sources */,
				F8A70DE519084DC400BA6D50 /* Frameworks */,
				F8A70DE619084DC400BA6D50 /* Resources */,
			);
			buildRules = (
			);
			dependencies = (
			);
			name = YCHActionSheetExamples;
			productName = YCHActionSheetExamples;
			productReference = F8A70DE819084DC400BA6D50 /* YCHActionSheetExamples.app */;
			productType = "com.apple.product-type.application";
		};
		F8A70E0B19084DC500BA6D50 /* YCHActionSheetExamplesTests */ = {
			isa = PBXNativeTarget;
			buildConfigurationList = F8A70E2019084DC500BA6D50 /* Build configuration list for PBXNativeTarget "YCHActionSheetExamplesTests" */;
			buildPhases = (
				F8A70E0819084DC500BA6D50 /* Sources */,
				F8A70E0919084DC500BA6D50 /* Frameworks */,
				F8A70E0A19084DC500BA6D50 /* Resources */,
			);
			buildRules = (
			);
			dependencies = (
				F8A70E1219084DC500BA6D50 /* PBXTargetDependency */,
			);
			name = YCHActionSheetExamplesTests;
			productName = YCHActionSheetExamplesTests;
			productReference = F8A70E0C19084DC500BA6D50 /* YCHActionSheetExamplesTests.xctest */;
			productType = "com.apple.product-type.bundle.unit-test";
		};
/* End PBXNativeTarget section */

/* Begin PBXProject section */
		F8A70DE019084DC400BA6D50 /* Project object */ = {
			isa = PBXProject;
			attributes = {
				CLASSPREFIX = YCH;
				LastUpgradeCheck = 0510;
				ORGANIZATIONNAME = "Yaman JAIOUCH";
				TargetAttributes = {
					F8A70E0B19084DC500BA6D50 = {
						TestTargetID = F8A70DE719084DC400BA6D50;
					};
				};
			};
			buildConfigurationList = F8A70DE319084DC400BA6D50 /* Build configuration list for PBXProject "YCHActionSheetExamples" */;
			compatibilityVersion = "Xcode 3.2";
			developmentRegion = English;
			hasScannedForEncodings = 0;
			knownRegions = (
				en,
				Base,
			);
			mainGroup = F8A70DDF19084DC400BA6D50;
			productRefGroup = F8A70DE919084DC400BA6D50 /* Products */;
			projectDirPath = "";
			projectRoot = "";
			targets = (
				F8A70DE719084DC400BA6D50 /* YCHActionSheetExamples */,
				F8A70E0B19084DC500BA6D50 /* YCHActionSheetExamplesTests */,
			);
		};
/* End PBXProject section */

/* Begin PBXResourcesBuildPhase section */
		F8A70DE619084DC400BA6D50 /* Resources */ = {
			isa = PBXResourcesBuildPhase;
			buildActionMask = 2147483647;
			files = (
				F8A70E0719084DC500BA6D50 /* Images.xcassets in Resources */,
				F8A70DFF19084DC500BA6D50 /* Main_iPhone.storyboard in Resources */,
				F8A70DF619084DC400BA6D50 /* InfoPlist.strings in Resources */,
			);
			runOnlyForDeploymentPostprocessing = 0;
		};
		F8A70E0A19084DC500BA6D50 /* Resources */ = {
			isa = PBXResourcesBuildPhase;
			buildActionMask = 2147483647;
			files = (
				F8A70E1819084DC500BA6D50 /* InfoPlist.strings in Resources */,
			);
			runOnlyForDeploymentPostprocessing = 0;
		};
/* End PBXResourcesBuildPhase section */

/* Begin PBXSourcesBuildPhase section */
		F8A70DE419084DC400BA6D50 /* Sources */ = {
			isa = PBXSourcesBuildPhase;
			buildActionMask = 2147483647;
			files = (
				F8A70DF819084DC500BA6D50 /* main.m in Sources */,
				F8A70E0519084DC500BA6D50 /* YCHViewController.m in Sources */,
				F8DA840D192BBCB100FB4CC8 /* YCHActionSheet.m in Sources */,
				F8A70DFC19084DC500BA6D50 /* YCHAppDelegate.m in Sources */,
			);
			runOnlyForDeploymentPostprocessing = 0;
		};
		F8A70E0819084DC500BA6D50 /* Sources */ = {
			isa = PBXSourcesBuildPhase;
			buildActionMask = 2147483647;
			files = (
				F8A70E1A19084DC500BA6D50 /* YCHActionSheetExamplesTests.m in Sources */,
			);
			runOnlyForDeploymentPostprocessing = 0;
		};
/* End PBXSourcesBuildPhase section */

/* Begin PBXTargetDependency section */
		F8A70E1219084DC500BA6D50 /* PBXTargetDependency */ = {
			isa = PBXTargetDependency;
			target = F8A70DE719084DC400BA6D50 /* YCHActionSheetExamples */;
			targetProxy = F8A70E1119084DC500BA6D50 /* PBXContainerItemProxy */;
		};
/* End PBXTargetDependency section */

/* Begin PBXVariantGroup section */
		F8A70DF419084DC400BA6D50 /* InfoPlist.strings */ = {
			isa = PBXVariantGroup;
			children = (
				F8A70DF519084DC400BA6D50 /* en */,
			);
			name = InfoPlist.strings;
			sourceTree = "<group>";
		};
		F8A70DFD19084DC500BA6D50 /* Main_iPhone.storyboard */ = {
			isa = PBXVariantGroup;
			children = (
				F8A70DFE19084DC500BA6D50 /* Base */,
			);
			name = Main_iPhone.storyboard;
			sourceTree = "<group>";
		};
		F8A70E1619084DC500BA6D50 /* InfoPlist.strings */ = {
			isa = PBXVariantGroup;
			children = (
				F8A70E1719084DC500BA6D50 /* en */,
			);
			name = InfoPlist.strings;
			sourceTree = "<group>";
		};
/* End PBXVariantGroup section */

/* Begin XCBuildConfiguration section */
		F8A70E1B19084DC500BA6D50 /* Debug */ = {
			isa = XCBuildConfiguration;
			buildSettings = {
				ALWAYS_SEARCH_USER_PATHS = NO;
				CLANG_CXX_LANGUAGE_STANDARD = "gnu++0x";
				CLANG_CXX_LIBRARY = "libc++";
				CLANG_ENABLE_MODULES = YES;
				CLANG_ENABLE_OBJC_ARC = YES;
				CLANG_WARN_BOOL_CONVERSION = YES;
				CLANG_WARN_CONSTANT_CONVERSION = YES;
				CLANG_WARN_DIRECT_OBJC_ISA_USAGE = YES_ERROR;
				CLANG_WARN_EMPTY_BODY = YES;
				CLANG_WARN_ENUM_CONVERSION = YES;
				CLANG_WARN_INT_CONVERSION = YES;
				CLANG_WARN_OBJC_ROOT_CLASS = YES_ERROR;
				CLANG_WARN__DUPLICATE_METHOD_MATCH = YES;
				"CODE_SIGN_IDENTITY[sdk=iphoneos*]" = "iPhone Developer";
				COPY_PHASE_STRIP = NO;
				GCC_C_LANGUAGE_STANDARD = gnu99;
				GCC_DYNAMIC_NO_PIC = NO;
				GCC_OPTIMIZATION_LEVEL = 0;
				GCC_PREPROCESSOR_DEFINITIONS = (
					"DEBUG=1",
					"$(inherited)",
				);
				GCC_SYMBOLS_PRIVATE_EXTERN = NO;
				GCC_WARN_64_TO_32_BIT_CONVERSION = YES;
				GCC_WARN_ABOUT_RETURN_TYPE = YES_ERROR;
				GCC_WARN_UNDECLARED_SELECTOR = YES;
				GCC_WARN_UNINITIALIZED_AUTOS = YES_AGGRESSIVE;
				GCC_WARN_UNUSED_FUNCTION = YES;
				GCC_WARN_UNUSED_VARIABLE = YES;
				IPHONEOS_DEPLOYMENT_TARGET = 7.1;
				ONLY_ACTIVE_ARCH = YES;
				SDKROOT = iphoneos;
				TARGETED_DEVICE_FAMILY = "1,2";
			};
			name = Debug;
		};
		F8A70E1C19084DC500BA6D50 /* Release */ = {
			isa = XCBuildConfiguration;
			buildSettings = {
				ALWAYS_SEARCH_USER_PATHS = NO;
				CLANG_CXX_LANGUAGE_STANDARD = "gnu++0x";
				CLANG_CXX_LIBRARY = "libc++";
				CLANG_ENABLE_MODULES = YES;
				CLANG_ENABLE_OBJC_ARC = YES;
				CLANG_WARN_BOOL_CONVERSION = YES;
				CLANG_WARN_CONSTANT_CONVERSION = YES;
				CLANG_WARN_DIRECT_OBJC_ISA_USAGE = YES_ERROR;
				CLANG_WARN_EMPTY_BODY = YES;
				CLANG_WARN_ENUM_CONVERSION = YES;
				CLANG_WARN_INT_CONVERSION = YES;
				CLANG_WARN_OBJC_ROOT_CLASS = YES_ERROR;
				CLANG_WARN__DUPLICATE_METHOD_MATCH = YES;
				"CODE_SIGN_IDENTITY[sdk=iphoneos*]" = "iPhone Developer";
				COPY_PHASE_STRIP = YES;
				ENABLE_NS_ASSERTIONS = NO;
				GCC_C_LANGUAGE_STANDARD = gnu99;
				GCC_WARN_64_TO_32_BIT_CONVERSION = YES;
				GCC_WARN_ABOUT_RETURN_TYPE = YES_ERROR;
				GCC_WARN_UNDECLARED_SELECTOR = YES;
				GCC_WARN_UNINITIALIZED_AUTOS = YES_AGGRESSIVE;
				GCC_WARN_UNUSED_FUNCTION = YES;
				GCC_WARN_UNUSED_VARIABLE = YES;
				IPHONEOS_DEPLOYMENT_TARGET = 7.1;
				SDKROOT = iphoneos;
				TARGETED_DEVICE_FAMILY = "1,2";
				VALIDATE_PRODUCT = YES;
			};
			name = Release;
		};
		F8A70E1E19084DC500BA6D50 /* Debug */ = {
			isa = XCBuildConfiguration;
			buildSettings = {
				ASSETCATALOG_COMPILER_APPICON_NAME = AppIcon;
				ASSETCATALOG_COMPILER_LAUNCHIMAGE_NAME = LaunchImage;
				FRAMEWORK_SEARCH_PATHS = (
					"$(inherited)",
					"$(PROJECT_DIR)",
				);
				GCC_PRECOMPILE_PREFIX_HEADER = YES;
				GCC_PREFIX_HEADER = "YCHActionSheetExamples/YCHActionSheetExamples-Prefix.pch";
				INFOPLIST_FILE = "YCHActionSheetExamples/YCHActionSheetExamples-Info.plist";
				IPHONEOS_DEPLOYMENT_TARGET = 7.0;
				LIBRARY_SEARCH_PATHS = (
					"$(inherited)",
					"$(PROJECT_DIR)",
				);
				OTHER_LDFLAGS = "-ObjC";
				PRODUCT_NAME = "$(TARGET_NAME)";
				TARGETED_DEVICE_FAMILY = 1;
				WRAPPER_EXTENSION = app;
			};
			name = Debug;
		};
		F8A70E1F19084DC500BA6D50 /* Release */ = {
			isa = XCBuildConfiguration;
			buildSettings = {
				ASSETCATALOG_COMPILER_APPICON_NAME = AppIcon;
				ASSETCATALOG_COMPILER_LAUNCHIMAGE_NAME = LaunchImage;
				FRAMEWORK_SEARCH_PATHS = (
					"$(inherited)",
					"$(PROJECT_DIR)",
				);
				GCC_PRECOMPILE_PREFIX_HEADER = YES;
				GCC_PREFIX_HEADER = "YCHActionSheetExamples/YCHActionSheetExamples-Prefix.pch";
				INFOPLIST_FILE = "YCHActionSheetExamples/YCHActionSheetExamples-Info.plist";
				IPHONEOS_DEPLOYMENT_TARGET = 7.0;
				LIBRARY_SEARCH_PATHS = (
					"$(inherited)",
					"$(PROJECT_DIR)",
				);
				PRODUCT_NAME = "$(TARGET_NAME)";
				TARGETED_DEVICE_FAMILY = 1;
				WRAPPER_EXTENSION = app;
			};
			name = Release;
		};
		F8A70E2119084DC500BA6D50 /* Debug */ = {
			isa = XCBuildConfiguration;
			buildSettings = {
				BUNDLE_LOADER = "$(BUILT_PRODUCTS_DIR)/YCHActionSheetExamples.app/YCHActionSheetExamples";
				FRAMEWORK_SEARCH_PATHS = (
					"$(SDKROOT)/Developer/Library/Frameworks",
					"$(inherited)",
					"$(DEVELOPER_FRAMEWORKS_DIR)",
				);
				GCC_PRECOMPILE_PREFIX_HEADER = YES;
				GCC_PREFIX_HEADER = "YCHActionSheetExamples/YCHActionSheetExamples-Prefix.pch";
				GCC_PREPROCESSOR_DEFINITIONS = (
					"DEBUG=1",
					"$(inherited)",
				);
				INFOPLIST_FILE = "YCHActionSheetExamplesTests/YCHActionSheetExamplesTests-Info.plist";
				PRODUCT_NAME = "$(TARGET_NAME)";
				TEST_HOST = "$(BUNDLE_LOADER)";
				WRAPPER_EXTENSION = xctest;
			};
			name = Debug;
		};
		F8A70E2219084DC500BA6D50 /* Release */ = {
			isa = XCBuildConfiguration;
			buildSettings = {
				BUNDLE_LOADER = "$(BUILT_PRODUCTS_DIR)/YCHActionSheetExamples.app/YCHActionSheetExamples";
				FRAMEWORK_SEARCH_PATHS = (
					"$(SDKROOT)/Developer/Library/Frameworks",
					"$(inherited)",
					"$(DEVELOPER_FRAMEWORKS_DIR)",
				);
				GCC_PRECOMPILE_PREFIX_HEADER = YES;
				GCC_PREFIX_HEADER = "YCHActionSheetExamples/YCHActionSheetExamples-Prefix.pch";
				INFOPLIST_FILE = "YCHActionSheetExamplesTests/YCHActionSheetExamplesTests-Info.plist";
				PRODUCT_NAME = "$(TARGET_NAME)";
				TEST_HOST = "$(BUNDLE_LOADER)";
				WRAPPER_EXTENSION = xctest;
			};
			name = Release;
		};
/* End XCBuildConfiguration section */

/* Begin XCConfigurationList section */
		F8A70DE319084DC400BA6D50 /* Build configuration list for PBXProject "YCHActionSheetExamples" */ = {
			isa = XCConfigurationList;
			buildConfigurations = (
				F8A70E1B19084DC500BA6D50 /* Debug */,
				F8A70E1C19084DC500BA6D50 /* Release */,
			);
			defaultConfigurationIsVisible = 0;
			defaultConfigurationName = Release;
		};
		F8A70E1D19084DC500BA6D50 /* Build configuration list for PBXNativeTarget "YCHActionSheetExamples" */ = {
			isa = XCConfigurationList;
			buildConfigurations = (
				F8A70E1E19084DC500BA6D50 /* Debug */,
				F8A70E1F19084DC500BA6D50 /* Release */,
			);
			defaultConfigurationIsVisible = 0;
			defaultConfigurationName = Release;
		};
		F8A70E2019084DC500BA6D50 /* Build configuration list for PBXNativeTarget "YCHActionSheetExamplesTests" */ = {
			isa = XCConfigurationList;
			buildConfigurations = (
				F8A70E2119084DC500BA6D50 /* Debug */,
				F8A70E2219084DC500BA6D50 /* Release */,
			);
			defaultConfigurationIsVisible = 0;
			defaultConfigurationName = Release;
		};
/* End XCConfigurationList section */
	};
	rootObject = F8A70DE019084DC400BA6D50 /* Project object */;
}
